{
  "name": "automait-time",
  "version": "1.2.0",
  "lockfileVersion": 1,
  "requires": true,
  "dependencies": {
    "suncalc": {
      "version": "1.8.0",
      "resolved": "https://registry.npmjs.org/suncalc/-/suncalc-1.8.0.tgz",
      "integrity": "sha1-HZiYEJVjB4dQ9JlKlZ5lTYdqy/U="
    },
    "sunwatcher": {
      "version": "github:microadam/node-sunwatcher#4ead01e20e91206b7b45cc6e8aae1b7dc18a5b8f",
      "from": "github:microadam/node-sunwatcher",
      "requires": {
        "suncalc": "1.6.0"
      },
      "dependencies": {
        "suncalc": {
          "version": "1.6.0",
          "resolved": "https://registry.npmjs.org/suncalc/-/suncalc-1.6.0.tgz",
          "integrity": "sha1-sZfqhKCZhollWVSDbGBwdqNjXxU="
        }
      }
    }
  }
}
